Microsoft Visual Studio Solution File, Format Version 11.00
# Visual Studio 2010
Project("{F184B08F-C81C-45F6-A57F-5ABD9991F28F}") = "SaveRestoreSelection", "SaveRestoreSelection.vbproj", "{DD39CC79-09E4-4CF5-864D-9E4FE5A12CE3}"
EndProject
Global
	GlobalSection(SolutionConfigurationPlatforms) = preSolution
		Debug|Any CPU = Debug|Any CPU
		Release|Any CPU = Release|Any CPU
	EndGlobalSection
	GlobalSection(ProjectConfigurationPlatforms) = postSolution
		{DD39CC79-09E4-4CF5-864D-9E4FE5A12CE3}.Debug|Any CPU.ActiveCfg = Debug|Any CPU
		{DD39CC79-09E4-4CF5-864D-9E4FE5A12CE3}.Debug|Any CPU.Build.0 = Debug|Any CPU
		{DD39CC79-09E4-4CF5-864D-9E4FE5A12CE3}.Release|Any CPU.ActiveCfg = Release|Any CPU
		{DD39CC79-09E4-4CF5-864D-9E4FE5A12CE3}.Release|Any CPU.Build.0 = Release|Any CPU
	EndGlobalSection
	GlobalSection(SolutionProperties) = preSolution
		HideSolutionNode = FALSE
	EndGlobalSection
EndGlobal
